
Microsoft Visual Studio Solution File, Format Version 12.00
# Visual Studio Version 17
VisualStudioVersion = 17.9.34723.18
MinimumVisualStudioVersion = 10.0.40219.1
Project("{FAE04EC0-301F-11D3-BF4B-00C04F79EFBC}") = "Task1", "Task1\Task1.csproj", "{46E4D557-8D4C-465B-9BA2-A115E774597F}"
EndProject
Project("{FAE04EC0-301F-11D3-BF4B-00C04F79EFBC}") = "Task2", "Task2\Task2.csproj", "{0104BEEE-D48A-441F-B8DF-A8FA948445F2}"
EndProject
Project("{FAE04EC0-301F-11D3-BF4B-00C04F79EFBC}") = "Task3", "Task3\Task3.csproj", "{79AB0B17-B5DE-4239-BCE7-6261696C1EFF}"
EndProject
Project("{FAE04EC0-301F-11D3-BF4B-00C04F79EFBC}") = "Task4", "Task4\Task4.csproj", "{540C27DD-394B-49F6-A02E-2C576982D55A}"
EndProject
Global
	GlobalSection(SolutionConfigurationPlatforms) = preSolution
		Debug|Any CPU = Debug|Any CPU
		Release|Any CPU = Release|Any CPU
	EndGlobalSection
	GlobalSection(ProjectConfigurationPlatforms) = postSolution
		{46E4D557-8D4C-465B-9BA2-A115E774597F}.Debug|Any CPU.ActiveCfg = Debug|Any CPU
		{46E4D557-8D4C-465B-9BA2-A115E774597F}.Debug|Any CPU.Build.0 = Debug|Any CPU
		{46E4D557-8D4C-465B-9BA2-A115E774597F}.Release|Any CPU.ActiveCfg = Release|Any CPU
		{46E4D557-8D4C-465B-9BA2-A115E774597F}.Release|Any CPU.Build.0 = Release|Any CPU
		{0104BEEE-D48A-441F-B8DF-A8FA948445F2}.Debug|Any CPU.ActiveCfg = Debug|Any CPU
		{0104BEEE-D48A-441F-B8DF-A8FA948445F2}.Debug|Any CPU.Build.0 = Debug|Any CPU
		{0104BEEE-D48A-441F-B8DF-A8FA948445F2}.Release|Any CPU.ActiveCfg = Release|Any CPU
		{0104BEEE-D48A-441F-B8DF-A8FA948445F2}.Release|Any CPU.Build.0 = Release|Any CPU
		{79AB0B17-B5DE-4239-BCE7-6261696C1EFF}.Debug|Any CPU.ActiveCfg = Debug|Any CPU
		{79AB0B17-B5DE-4239-BCE7-6261696C1EFF}.Debug|Any CPU.Build.0 = Debug|Any CPU
		{79AB0B17-B5DE-4239-BCE7-6261696C1EFF}.Release|Any CPU.ActiveCfg = Release|Any CPU
		{79AB0B17-B5DE-4239-BCE7-6261696C1EFF}.Release|Any CPU.Build.0 = Release|Any CPU
		{540C27DD-394B-49F6-A02E-2C576982D55A}.Debug|Any CPU.ActiveCfg = Debug|Any CPU
		{540C27DD-394B-49F6-A02E-2C576982D55A}.Debug|Any CPU.Build.0 = Debug|Any CPU
		{540C27DD-394B-49F6-A02E-2C576982D55A}.Release|Any CPU.ActiveCfg = Release|Any CPU
		{540C27DD-394B-49F6-A02E-2C576982D55A}.Release|Any CPU.Build.0 = Release|Any CPU
	EndGlobalSection
	GlobalSection(SolutionProperties) = preSolution
		HideSolutionNode = FALSE
	EndGlobalSection
	GlobalSection(ExtensibilityGlobals) = postSolution
		SolutionGuid = {5DA1261C-FEFA-44E7-A2DC-A868816E1259}
	EndGlobalSection
EndGlobal
